
Microsoft Visual Studio Solution File, Format Version 12.00
# Visual Studio 14
VisualStudioVersion = 14.0.25123.0
MinimumVisualStudioVersion = 10.0.40219.1
Project("{8BC9CEB8-8B4A-11D0-8D11-00A0C91BC942}") = "aya5", "aya5.vcxproj", "{A793B473-75BE-45AE-8BF3-17029A14B9F9}"
EndProject
Global
	GlobalSection(Performance) = preSolution
		HasPerformanceSessions = true
	EndGlobalSection
	GlobalSection(SolutionConfigurationPlatforms) = preSolution
		Debug EXE|Win32 = Debug EXE|Win32
		Debug|Win32 = Debug|Win32
		Release EXE|Win32 = Release EXE|Win32
		Release|Win32 = Release|Win32
	EndGlobalSection
	GlobalSection(ProjectConfigurationPlatforms) = postSolution
		{A793B473-75BE-45AE-8BF3-17029A14B9F9}.Debug EXE|Win32.ActiveCfg = Debug EXE|Win32
		{A793B473-75BE-45AE-8BF3-17029A14B9F9}.Debug EXE|Win32.Build.0 = Debug EXE|Win32
		{A793B473-75BE-45AE-8BF3-17029A14B9F9}.Debug|Win32.ActiveCfg = Debug|Win32
		{A793B473-75BE-45AE-8BF3-17029A14B9F9}.Debug|Win32.Build.0 = Debug|Win32
		{A793B473-75BE-45AE-8BF3-17029A14B9F9}.Release EXE|Win32.ActiveCfg = Release EXE|Win32
		{A793B473-75BE-45AE-8BF3-17029A14B9F9}.Release EXE|Win32.Build.0 = Release EXE|Win32
		{A793B473-75BE-45AE-8BF3-17029A14B9F9}.Release|Win32.ActiveCfg = Release|Win32
		{A793B473-75BE-45AE-8BF3-17029A14B9F9}.Release|Win32.Build.0 = Release|Win32
	EndGlobalSection
	GlobalSection(SolutionProperties) = preSolution
		HideSolutionNode = FALSE
	EndGlobalSection
EndGlobal
